
Microsoft Visual Studio Solution File, Format Version 12.00
# Visual Studio Version 17
VisualStudioVersion = 17.0.32014.148
MinimumVisualStudioVersion = 10.0.40219.1
Project("{FAE04EC0-301F-11D3-BF4B-00C04F79EFBC}") = "TestProj", "TestProj\TestProj.csproj", "{DA6C7ECE-1727-4AED-8BBD-56C592E22F1B}"
EndProject
Global
	GlobalSection(SolutionConfigurationPlatforms) = preSolution
		Debug|Any CPU = Debug|Any CPU
		Release|Any CPU = Release|Any CPU
	EndGlobalSection
	GlobalSection(ProjectConfigurationPlatforms) = postSolution
		{DA6C7ECE-1727-4AED-8BBD-56C592E22F1B}.Debug|Any CPU.ActiveCfg = Debug|Any CPU
		{DA6C7ECE-1727-4AED-8BBD-56C592E22F1B}.Debug|Any CPU.Build.0 = Debug|Any CPU
		{DA6C7ECE-1727-4AED-8BBD-56C592E22F1B}.Release|Any CPU.ActiveCfg = Release|Any CPU
		{DA6C7ECE-1727-4AED-8BBD-56C592E22F1B}.Release|Any CPU.Build.0 = Release|Any CPU
	EndGlobalSection
	GlobalSection(SolutionProperties) = preSolution
		HideSolutionNode = FALSE
	EndGlobalSection
	GlobalSection(ExtensibilityGlobals) = postSolution
		SolutionGuid = {D16DEBC1-F77C-4C0D-8BA6-FA02662D2136}
	EndGlobalSection
EndGlobal
